
Microsoft Visual Studio Solution File, Format Version 12.00
# Visual Studio Version 17
VisualStudioVersion = 17.12.35527.113
MinimumVisualStudioVersion = 10.0.40219.1
Project("{FAE04EC0-301F-11D3-BF4B-00C04F79EFBC}") = "Youtube", "Youtube\Youtube.csproj", "{9755CA9D-1CCD-49B0-9215-486F6086864F}"
EndProject
Project("{54435603-DBB4-11D2-8724-00A0C9A8B90C}") = "LyTranYT", "LyTranYT\LyTranYT.vdproj", "{842986FD-326B-49F7-8BB7-19C5BE3BA0B6}"
EndProject
Global
	GlobalSection(SolutionConfigurationPlatforms) = preSolution
		Debug|Any CPU = Debug|Any CPU
		Release|Any CPU = Release|Any CPU
	EndGlobalSection
	GlobalSection(ProjectConfigurationPlatforms) = postSolution
		{9755CA9D-1CCD-49B0-9215-486F6086864F}.Debug|Any CPU.ActiveCfg = Debug|Any CPU
		{9755CA9D-1CCD-49B0-9215-486F6086864F}.Debug|Any CPU.Build.0 = Debug|Any CPU
		{9755CA9D-1CCD-49B0-9215-486F6086864F}.Release|Any CPU.ActiveCfg = Release|Any CPU
		{9755CA9D-1CCD-49B0-9215-486F6086864F}.Release|Any CPU.Build.0 = Release|Any CPU
		{842986FD-326B-49F7-8BB7-19C5BE3BA0B6}.Debug|Any CPU.ActiveCfg = Debug
		{842986FD-326B-49F7-8BB7-19C5BE3BA0B6}.Release|Any CPU.ActiveCfg = Release
	EndGlobalSection
	GlobalSection(SolutionProperties) = preSolution
		HideSolutionNode = FALSE
	EndGlobalSection
EndGlobal
